github.com/FlashFeiFei/yuque v0.0.0-20201105030227-c896d743585a h1:Izqxp3aOg3+lf5LZXRFpfojmpTIRDzvC0nwB5uBGFAs=
github.com/FlashFeiFei/yuque v0.0.0-20201105030227-c896d743585a/go.mod h1:w8chZndzr5msWGIvJlBeEyeVYOSzfMHbqynDrvUKRW8=
github.com/bitly/go-simplejson v0.5.0/go.mod h1:cXHtHw4XUPsvGaxgjIAn8PhEWG9NfngEKAMDJEczWVA=
github.com/my-Sakura/go-yuque-api v0.0.0-20210306155455-130af42dc2c7 h1:xnbRdg+SN3R9/sAmQ74Ds1ITCtNVxi6reYAMNbvPbuk=
github.com/my-Sakura/go-yuque-api v0.0.0-20210306155455-130af42dc2c7/go.mod h1:41KZ2m5VWhjTVDDjjX75aqSlNrWbRhHZMgc1RPuvLu8=
